
Microsoft Visual Studio Solution File, Format Version 12.00
# Visual Studio Version 17
VisualStudioVersion = 17.4.33213.308
MinimumVisualStudioVersion = 10.0.40219.1
Project("{FAE04EC0-301F-11D3-BF4B-00C04F79EFBC}") = "task_8", "task_8.csproj", "{6ECC5958-8DB5-461D-923F-DBF1D8A2D901}"
EndProject
Global
	GlobalSection(SolutionConfigurationPlatforms) = preSolution
		Debug|Any CPU = Debug|Any CPU
		Release|Any CPU = Release|Any CPU
	EndGlobalSection
	GlobalSection(ProjectConfigurationPlatforms) = postSolution
		{6ECC5958-8DB5-461D-923F-DBF1D8A2D901}.Debug|Any CPU.ActiveCfg = Debug|Any CPU
		{6ECC5958-8DB5-461D-923F-DBF1D8A2D901}.Debug|Any CPU.Build.0 = Debug|Any CPU
		{6ECC5958-8DB5-461D-923F-DBF1D8A2D901}.Release|Any CPU.ActiveCfg = Release|Any CPU
		{6ECC5958-8DB5-461D-923F-DBF1D8A2D901}.Release|Any CPU.Build.0 = Release|Any CPU
	EndGlobalSection
	GlobalSection(SolutionProperties) = preSolution
		HideSolutionNode = FALSE
	EndGlobalSection
	GlobalSection(ExtensibilityGlobals) = postSolution
		SolutionGuid = {0984A5C4-6983-45A8-95E1-B3C15768D466}
	EndGlobalSection
EndGlobal
