
Microsoft Visual Studio Solution File, Format Version 12.00
# Visual Studio Version 17
VisualStudioVersion = 17.4.33213.308
MinimumVisualStudioVersion = 10.0.40219.1
Project("{FAE04EC0-301F-11D3-BF4B-00C04F79EFBC}") = "task_6", "task_6.csproj", "{68621618-CD33-47FE-BF01-226B78306E8B}"
EndProject
Global
	GlobalSection(SolutionConfigurationPlatforms) = preSolution
		Debug|Any CPU = Debug|Any CPU
		Release|Any CPU = Release|Any CPU
	EndGlobalSection
	GlobalSection(ProjectConfigurationPlatforms) = postSolution
		{68621618-CD33-47FE-BF01-226B78306E8B}.Debug|Any CPU.ActiveCfg = Debug|Any CPU
		{68621618-CD33-47FE-BF01-226B78306E8B}.Debug|Any CPU.Build.0 = Debug|Any CPU
		{68621618-CD33-47FE-BF01-226B78306E8B}.Release|Any CPU.ActiveCfg = Release|Any CPU
		{68621618-CD33-47FE-BF01-226B78306E8B}.Release|Any CPU.Build.0 = Release|Any CPU
	EndGlobalSection
	GlobalSection(SolutionProperties) = preSolution
		HideSolutionNode = FALSE
	EndGlobalSection
	GlobalSection(ExtensibilityGlobals) = postSolution
		SolutionGuid = {440DFC06-256D-456E-93BA-1A43EF4EE263}
	EndGlobalSection
EndGlobal
