
Microsoft Visual Studio Solution File, Format Version 12.00
# Visual Studio Version 17
VisualStudioVersion = 17.4.33213.308
MinimumVisualStudioVersion = 10.0.40219.1
Project("{FAE04EC0-301F-11D3-BF4B-00C04F79EFBC}") = "task_2", "task_2.csproj", "{419E0A4E-CB79-4ABF-8CFD-D0EB70584BAC}"
EndProject
Global
	GlobalSection(SolutionConfigurationPlatforms) = preSolution
		Debug|Any CPU = Debug|Any CPU
		Release|Any CPU = Release|Any CPU
	EndGlobalSection
	GlobalSection(ProjectConfigurationPlatforms) = postSolution
		{419E0A4E-CB79-4ABF-8CFD-D0EB70584BAC}.Debug|Any CPU.ActiveCfg = Debug|Any CPU
		{419E0A4E-CB79-4ABF-8CFD-D0EB70584BAC}.Debug|Any CPU.Build.0 = Debug|Any CPU
		{419E0A4E-CB79-4ABF-8CFD-D0EB70584BAC}.Release|Any CPU.ActiveCfg = Release|Any CPU
		{419E0A4E-CB79-4ABF-8CFD-D0EB70584BAC}.Release|Any CPU.Build.0 = Release|Any CPU
	EndGlobalSection
	GlobalSection(SolutionProperties) = preSolution
		HideSolutionNode = FALSE
	EndGlobalSection
	GlobalSection(ExtensibilityGlobals) = postSolution
		SolutionGuid = {E4DCF541-6AD3-4EEA-A4CF-A6DAEB07D6D8}
	EndGlobalSection
EndGlobal
